
Microsoft Visual Studio Solution File, Format Version 12.00
# Visual Studio 2013
VisualStudioVersion = 12.0.40629.0
MinimumVisualStudioVersion = 10.0.40219.1
Project("{FAE04EC0-301F-11D3-BF4B-00C04F79EFBC}") = "InventoryManagementSystem", "InventoryManagementSystem\InventoryManagementSystem.csproj", "{FB50202D-B689-4F10-B434-D49B3BE0D2AD}"
	ProjectSection(ProjectDependencies) = postProject
		{2E0CD638-F422-4487-993E-0BF480D0AE54} = {2E0CD638-F422-4487-993E-0BF480D0AE54}
		{2351AC74-1586-44BA-9E0B-92BD343A2DF7} = {2351AC74-1586-44BA-9E0B-92BD343A2DF7}
		{9C1D75BA-FB72-4A7B-8055-F7FB64BBABD7} = {9C1D75BA-FB72-4A7B-8055-F7FB64BBABD7}
	EndProjectSection
EndProject
Project("{FAE04EC0-301F-11D3-BF4B-00C04F79EFBC}") = "DataLayer", "DataLayer\DataLayer.csproj", "{2351AC74-1586-44BA-9E0B-92BD343A2DF7}"
	ProjectSection(ProjectDependencies) = postProject
		{2E0CD638-F422-4487-993E-0BF480D0AE54} = {2E0CD638-F422-4487-993E-0BF480D0AE54}
		{9C1D75BA-FB72-4A7B-8055-F7FB64BBABD7} = {9C1D75BA-FB72-4A7B-8055-F7FB64BBABD7}
	EndProjectSection
EndProject
Project("{FAE04EC0-301F-11D3-BF4B-00C04F79EFBC}") = "Entity", "Entity\Entity.csproj", "{2E0CD638-F422-4487-993E-0BF480D0AE54}"
EndProject
Project("{FAE04EC0-301F-11D3-BF4B-00C04F79EFBC}") = "Framework", "Framework\Framework.csproj", "{9C1D75BA-FB72-4A7B-8055-F7FB64BBABD7}"
EndProject
Global
	GlobalSection(SolutionConfigurationPlatforms) = preSolution
		Debug|Any CPU = Debug|Any CPU
		Release|Any CPU = Release|Any CPU
	EndGlobalSection
	GlobalSection(ProjectConfigurationPlatforms) = postSolution
		{FB50202D-B689-4F10-B434-D49B3BE0D2AD}.Debug|Any CPU.ActiveCfg = Release|Any CPU
		{FB50202D-B689-4F10-B434-D49B3BE0D2AD}.Debug|Any CPU.Build.0 = Release|Any CPU
		{FB50202D-B689-4F10-B434-D49B3BE0D2AD}.Release|Any CPU.ActiveCfg = Release|Any CPU
		{FB50202D-B689-4F10-B434-D49B3BE0D2AD}.Release|Any CPU.Build.0 = Release|Any CPU
		{2351AC74-1586-44BA-9E0B-92BD343A2DF7}.Debug|Any CPU.ActiveCfg = Release|Any CPU
		{2351AC74-1586-44BA-9E0B-92BD343A2DF7}.Debug|Any CPU.Build.0 = Release|Any CPU
		{2351AC74-1586-44BA-9E0B-92BD343A2DF7}.Release|Any CPU.ActiveCfg = Release|Any CPU
		{2351AC74-1586-44BA-9E0B-92BD343A2DF7}.Release|Any CPU.Build.0 = Release|Any CPU
		{2E0CD638-F422-4487-993E-0BF480D0AE54}.Debug|Any CPU.ActiveCfg = Release|Any CPU
		{2E0CD638-F422-4487-993E-0BF480D0AE54}.Debug|Any CPU.Build.0 = Release|Any CPU
		{2E0CD638-F422-4487-993E-0BF480D0AE54}.Release|Any CPU.ActiveCfg = Release|Any CPU
		{2E0CD638-F422-4487-993E-0BF480D0AE54}.Release|Any CPU.Build.0 = Release|Any CPU
		{9C1D75BA-FB72-4A7B-8055-F7FB64BBABD7}.Debug|Any CPU.ActiveCfg = Release|Any CPU
		{9C1D75BA-FB72-4A7B-8055-F7FB64BBABD7}.Debug|Any CPU.Build.0 = Release|Any CPU
		{9C1D75BA-FB72-4A7B-8055-F7FB64BBABD7}.Release|Any CPU.ActiveCfg = Release|Any CPU
		{9C1D75BA-FB72-4A7B-8055-F7FB64BBABD7}.Release|Any CPU.Build.0 = Release|Any CPU
	EndGlobalSection
	GlobalSection(SolutionProperties) = preSolution
		HideSolutionNode = FALSE
	EndGlobalSection
EndGlobal
